// !$*UTF8*$!
{
	archiveVersion = 1;
	classes = {
	};
	objectVersion = 46;
	objects = {

/* Begin PBXBuildFile section */
		D6ABB1C21B69D7E300A1924A /* AppDelegate.swift in Sources */ = {isa = PBXBuildFile; fileRef = D6ABB1C11B69D7E300A1924A /* AppDelegate.swift */; };
		D6ABB1C41B69D7E300A1924A /* ViewController.swift in Sources */ = {isa = PBXBuildFile; fileRef = D6ABB1C31B69D7E300A1924A /* ViewController.swift */; };
		D6ABB1C71B69D7E300A1924A /* Main.storyboard in Resources */ = {isa = PBXBuildFile; fileRef = D6ABB1C51B69D7E300A1924A /* Main.storyboard */; };
		D6ABB1C91B69D7E300A1924A /* Assets.xcassets in Resources */ = {isa = PBXBuildFile; fileRef = D6ABB1C81B69D7E300A1924A /* Assets.xcassets */; };
		D6ABB1CC1B69D7E300A1924A /* LaunchScreen.storyboard in Resources */ = {isa = PBXBuildFile; fileRef = D6ABB1CA1B69D7E300A1924A /* LaunchScreen.storyboard */; };
/* End PBXBuildFile section */

/* Begin PBXFileReference section */
		D6ABB1BE1B69D7E300A1924A /* tapper-extreme.app */ = {isa = PBXFileReference; explicitFileType = wrapper.application; includeInIndex = 0; path = "tapper-extreme.app"; sourceTree = BUILT_PRODUCTS_DIR; };
		D6ABB1C11B69D7E300A1924A /* AppDelegate.swift */ = {isa = PBXFileReference; lastKnownFileType = sourcecode.swift; path = AppDelegate.swift; sourceTree = "<group>"; };
		D6ABB1C31B69D7E300A1924A /* ViewController.swift */ = {isa = PBXFileReference; lastKnownFileType = sourcecode.swift; path = ViewController.swift; sourceTree = "<group>"; };
		D6ABB1C61B69D7E300A1924A /* Base */ = {isa = PBXFileReference; lastKnownFileType = file.storyboard; name = Base; path = Base.lproj/Main.storyboard; sourceTree = "<group>"; };
		D6ABB1C81B69D7E300A1924A /* Assets.xcassets */ = {isa = PBXFileReference; lastKnownFileType = folder.assetcatalog; path = Assets.xcassets; sourceTree = "<group>"; };
		D6ABB1CB1B69D7E300A1924A /* Base */ = {isa = PBXFileReference; lastKnownFileType = file.storyboard; name = Base; path = Base.lproj/LaunchScreen.storyboard; sourceTree = "<group>"; };
		D6ABB1CD1B69D7E300A1924A /* Info.plist */ = {isa = PBXFileReference; lastKnownFileType = text.plist.xml; path = Info.plist; sourceTree = "<group>"; };
/* End PBXFileReference section */

/* Begin PBXFrameworksBuildPhase section */
		D6ABB1BB1B69D7E300A1924A /* Frameworks */ = {
			isa = PBXFrameworksBuildPhase;
			buildActionMask = 2147483647;
			files = (
			);
			runOnlyForDeploymentPostprocessing = 0;
		};
/* End PBXFrameworksBuildPhase section */

/* Begin PBXGroup section */
		D6ABB1B51B69D7E300A1924A = {
			isa = PBXGroup;
			children = (
				D6ABB1C01B69D7E300A1924A /* tapper-extreme */,
				D6ABB1BF1B69D7E300A1924A /* Products */,
			);
			sourceTree = "<group>";
		};
		D6ABB1BF1B69D7E300A1924A /* Products */ = {
			isa = PBXGroup;
			children = (
				D6ABB1BE1B69D7E300A1924A /* tapper-extreme.app */,
			);
			name = Products;
			sourceTree = "<group>";
		};
		D6ABB1C01B69D7E300A1924A /* tapper-extreme */ = {
			isa = PBXGroup;
			children = (
				D6ABB1C11B69D7E300A1924A /* AppDelegate.swift */,
				D6ABB1C31B69D7E300A1924A /* ViewController.swift */,
				D6ABB1C51B69D7E300A1924A /* Main.storyboard */,
				D6ABB1C81B69D7E300A1924A /* Assets.xcassets */,
				D6ABB1CA1B69D7E300A1924A /* LaunchScreen.storyboard */,
				D6ABB1CD1B69D7E300A1924A /* Info.plist */,
			);
			path = "tapper-extreme";
			sourceTree = "<group>";
		};
/* End PBXGroup section */

/* Begin PBXNativeTarget section */
		D6ABB1BD1B69D7E300A1924A /* tapper-extreme */ = {
			isa = PBXNativeTarget;
			buildConfigurationList = D6ABB1D01B69D7E300A1924A /* Build configuration list for PBXNativeTarget "tapper-extreme" */;
			buildPhases = (
				D6ABB1BA1B69D7E300A1924A /* Sources */,
				D6ABB1BB1B69D7E300A1924A /* Frameworks */,
				D6ABB1BC1B69D7E300A1924A /* Resources */,
			);
			buildRules = (
			);
			dependencies = (
			);
			name = "tapper-extreme";
			productName = "tapper-extreme";
			productReference = D6ABB1BE1B69D7E300A1924A /* tapper-extreme.app */;
			productType = "com.apple.product-type.application";
		};
/* End PBXNativeTarget section */

/* Begin PBXProject section */
		D6ABB1B61B69D7E300A1924A /* Project object */ = {
			isa = PBXProject;
			attributes = {
				LastUpgradeCheck = 0920;
				ORGANIZATIONNAME = devslopes;
				TargetAttributes = {
					D6ABB1BD1B69D7E300A1924A = {
						CreatedOnToolsVersion = 7.0;
					};
				};
			};
			buildConfigurationList = D6ABB1B91B69D7E300A1924A /* Build configuration list for PBXProject "tapper-extreme" */;
			compatibilityVersion = "Xcode 3.2";
			developmentRegion = English;
			hasScannedForEncodings = 0;
			knownRegions = (
				en,
				Base,
			);
			mainGroup = D6ABB1B51B69D7E300A1924A;
			productRefGroup = D6ABB1BF1B69D7E300A1924A /* Products */;
			projectDirPath = "";
			projectRoot = "";
			targets = (
				D6ABB1BD1B69D7E300A1924A /* tapper-extreme */,
			);
		};
/* End PBXProject section */

/* Begin PBXResourcesBuildPhase section */
		D6ABB1BC1B69D7E300A1924A /* Resources */ = {
			isa = PBXResourcesBuildPhase;
			buildActionMask = 2147483647;
			files = (
				D6ABB1CC1B69D7E300A1924A /* LaunchScreen.storyboard in Resources */,
				D6ABB1C91B69D7E300A1924A /* Assets.xcassets in Resources */,
				D6ABB1C71B69D7E300A1924A /* Main.storyboard in Resources */,
			);
			runOnlyForDeploymentPostprocessing = 0;
		};
/* End PBXResourcesBuildPhase section */

/* Begin PBXSourcesBuildPhase section */
		D6ABB1BA1B69D7E300A1924A /* Sources */ = {
			isa = PBXSourcesBuildPhase;
			buildActionMask = 2147483647;
			files = (
				D6ABB1C41B69D7E300A1924A /* ViewController.swift in Sources */,
				D6ABB1C21B69D7E300A1924A /* AppDelegate.swift in Sources */,
			);
			runOnlyForDeploymentPostprocessing = 0;
		};
/* End PBXSourcesBuildPhase section */

/* Begin PBXVariantGroup section */
		D6ABB1C51B69D7E300A1924A /* Main.storyboard */ = {
			isa = PBXVariantGroup;
			children = (
				D6ABB1C61B69D7E300A1924A /* Base */,
			);
			name = Main.storyboard;
			sourceTree = "<group>";
		};
		D6ABB1CA1B69D7E300A1924A /* LaunchScreen.storyboard */ = {
			isa = PBXVariantGroup;
			children = (
				D6ABB1CB1B69D7E300A1924A /* Base */,
			);
			name = LaunchScreen.storyboard;
			sourceTree = "<group>";
		};
/* End PBXVariantGroup section */

/* Begin XCBuildConfiguration section */
		D6ABB1CE1B69D7E300A1924A /* Debug */ = {
			isa = XCBuildConfiguration;
			buildSettings = {
				ALWAYS_SEARCH_USER_PATHS = NO;
				CLANG_CXX_LANGUAGE_STANDARD = "gnu++0x";
				CLANG_CXX_LIBRARY = "libc++";
				CLANG_ENABLE_MODULES = YES;
				CLANG_ENABLE_OBJC_ARC = YES;
				CLANG_WARN_BLOCK_CAPTURE_AUTORELEASING = YES;
				CLANG_WARN_BOOL_CONVERSION = YES;
				CLANG_WARN_COMMA = YES;
				CLANG_WARN_CONSTANT_CONVERSION = YES;
				CLANG_WARN_DIRECT_OBJC_ISA_USAGE = YES_ERROR;
				CLANG_WARN_EMPTY_BODY = YES;
				CLANG_WARN_ENUM_CONVERSION = YES;
				CLANG_WARN_INFINITE_RECURSION = YES;
				CLANG_WARN_INT_CONVERSION = YES;
				CLANG_WARN_NON_LITERAL_NULL_CONVERSION = YES;
				CLANG_WARN_OBJC_LITERAL_CONVERSION = YES;
				CLANG_WARN_OBJC_ROOT_CLASS = YES_ERROR;
				CLANG_WARN_RANGE_LOOP_ANALYSIS = YES;
				CLANG_WARN_STRICT_PROTOTYPES = YES;
				CLANG_WARN_SUSPICIOUS_MOVE = YES;
				CLANG_WARN_UNREACHABLE_CODE = YES;
				CLANG_WARN__DUPLICATE_METHOD_MATCH = YES;
				"CODE_SIGN_IDENTITY[sdk=iphoneos*]" = "iPhone Developer";
				COPY_PHASE_STRIP = NO;
				DEBUG_INFORMATION_FORMAT = dwarf;
				ENABLE_STRICT_OBJC_MSGSEND = YES;
				ENABLE_TESTABILITY = YES;
				GCC_C_LANGUAGE_STANDARD = gnu99;
				GCC_DYNAMIC_NO_PIC = NO;
				GCC_NO_COMMON_BLOCKS = YES;
				GCC_OPTIMIZATION_LEVEL = 0;
				GCC_PREPROCESSOR_DEFINITIONS = (
					"DEBUG=1",
					"$(inherited)",
				);
				GCC_WARN_64_TO_32_BIT_CONVERSION = YES;
				GCC_WARN_ABOUT_RETURN_TYPE = YES_ERROR;
				GCC_WARN_UNDECLARED_SELECTOR = YES;
				GCC_WARN_UNINITIALIZED_AUTOS = YES_AGGRESSIVE;
				GCC_WARN_UNUSED_FUNCTION = YES;
				GCC_WARN_UNUSED_VARIABLE = YES;
				IPHONEOS_DEPLOYMENT_TARGET = 9.0;
				MTL_ENABLE_DEBUG_INFO = YES;
				ONLY_ACTIVE_ARCH = YES;
				SDKROOT = iphoneos;
				SWIFT_OPTIMIZATION_LEVEL = "-Onone";
			};
			name = Debug;
		};
		D6ABB1CF1B69D7E300A1924A /* Release */ = {
			isa = XCBuildConfiguration;
			buildSettings = {
				ALWAYS_SEARCH_USER_PATHS = NO;
				CLANG_CXX_LANGUAGE_STANDARD = "gnu++0x";
				CLANG_CXX_LIBRARY = "libc++";
				CLANG_ENABLE_MODULES = YES;
				CLANG_ENABLE_OBJC_ARC = YES;
				CLANG_WARN_BLOCK_CAPTURE_AUTORELEASING = YES;
				CLANG_WARN_BOOL_CONVERSION = YES;
				CLANG_WARN_COMMA = YES;
				CLANG_WARN_CONSTANT_CONVERSION = YES;
				CLANG_WARN_DIRECT_OBJC_ISA_USAGE = YES_ERROR;
				CLANG_WARN_EMPTY_BODY = YES;
				CLANG_WARN_ENUM_CONVERSION = YES;
				CLANG_WARN_INFINITE_RECURSION = YES;
				CLANG_WARN_INT_CONVERSION = YES;
				CLANG_WARN_NON_LITERAL_NULL_CONVERSION = YES;
				CLANG_WARN_OBJC_LITERAL_CONVERSION = YES;
				CLANG_WARN_OBJC_ROOT_CLASS = YES_ERROR;
				CLANG_WARN_RANGE_LOOP_ANALYSIS = YES;
				CLANG_WARN_STRICT_PROTOTYPES = YES;
				CLANG_WARN_SUSPICIOUS_MOVE = YES;
				CLANG_WARN_UNREACHABLE_CODE = YES;
				CLANG_WARN__DUPLICATE_METHOD_MATCH = YES;
				"CODE_SIGN_IDENTITY[sdk=iphoneos*]" = "iPhone Developer";
				COPY_PHASE_STRIP = NO;
				DEBUG_INFORMATION_FORMAT = "dwarf-with-dsym";
				ENABLE_NS_ASSERTIONS = NO;
				ENABLE_STRICT_OBJC_MSGSEND = YES;
				GCC_C_LANGUAGE_STANDARD = gnu99;
				GCC_NO_COMMON_BLOCKS = YES;
				GCC_WARN_64_TO_32_BIT_CONVERSION = YES;
				GCC_WARN_ABOUT_RETURN_TYPE = YES_ERROR;
				GCC_WARN_UNDECLARED_SELECTOR = YES;
				GCC_WARN_UNINITIALIZED_AUTOS = YES_AGGRESSIVE;
				GCC_WARN_UNUSED_FUNCTION = YES;
				GCC_WARN_UNUSED_VARIABLE = YES;
				IPHONEOS_DEPLOYMENT_TARGET = 9.0;
				MTL_ENABLE_DEBUG_INFO = NO;
				SDKROOT = iphoneos;
				SWIFT_OPTIMIZATION_LEVEL = "-Owholemodule";
				VALIDATE_PRODUCT = YES;
			};
			name = Release;
		};
		D6ABB1D11B69D7E300A1924A /* Debug */ = {
			isa = XCBuildConfiguration;
			buildSettings = {
				ASSETCATALOG_COMPILER_APPICON_NAME = AppIcon;
				INFOPLIST_FILE = "tapper-extreme/Info.plist";
				LD_RUNPATH_SEARCH_PATHS = "$(inherited) @executable_path/Frameworks";
				PRODUCT_BUNDLE_IDENTIFIER = "com.devslopes.tapper-extreme";
				PRODUCT_NAME = "$(TARGET_NAME)";
				SWIFT_VERSION = 4.0;
				TARGETED_DEVICE_FAMILY = "1,2";
			};
			name = Debug;
		};
		D6ABB1D21B69D7E300A1924A /* Release */ = {
			isa = XCBuildConfiguration;
			buildSettings = {
				ASSETCATALOG_COMPILER_APPICON_NAME = AppIcon;
				INFOPLIST_FILE = "tapper-extreme/Info.plist";
				LD_RUNPATH_SEARCH_PATHS = "$(inherited) @executable_path/Frameworks";
				PRODUCT_BUNDLE_IDENTIFIER = "com.devslopes.tapper-extreme";
				PRODUCT_NAME = "$(TARGET_NAME)";
				SWIFT_VERSION = 4.0;
				TARGETED_DEVICE_FAMILY = "1,2";
			};
			name = Release;
		};
/* End XCBuildConfiguration section */

/* Begin XCConfigurationList section */
		D6ABB1B91B69D7E300A1924A /* Build configuration list for PBXProject "tapper-extreme" */ = {
			isa = XCConfigurationList;
			buildConfigurations = (
				D6ABB1CE1B69D7E300A1924A /* Debug */,
				D6ABB1CF1B69D7E300A1924A /* Release */,
			);
			defaultConfigurationIsVisible = 0;
			defaultConfigurationName = Release;
		};
		D6ABB1D01B69D7E300A1924A /* Build configuration list for PBXNativeTarget "tapper-extreme" */ = {
			isa = XCConfigurationList;
			buildConfigurations = (
				D6ABB1D11B69D7E300A1924A /* Debug */,
				D6ABB1D21B69D7E300A1924A /* Release */,
			);
			defaultConfigurationIsVisible = 0;
			defaultConfigurationName = Release;
		};
/* End XCConfigurationList section */
	};
	rootObject = D6ABB1B61B69D7E300A1924A /* Project object */;
}
